{
  "name": "hot-blog",
  "version": "1.0.0",
  "lockfileVersion": 2,
  "requires": true,
  "packages": {
    "": {
      "name": "hot-blog",
      "version": "1.0.0",
      "license": "ISC",
      "devDependencies": {
        "dayjs": "^1.10.4"
      }
    },
    "node_modules/dayjs": {
      "version": "1.10.4",
      "resolved": "https://registry.nlark.com/dayjs/download/dayjs-1.10.4.tgz",
      "integrity": "sha1-jlRKm4aD9heD9XCYCoqA6vVKseI=",
      "dev": true
    }
  },
  "dependencies": {
    "dayjs": {
      "version": "1.10.4",
      "resolved": "https://registry.nlark.com/dayjs/download/dayjs-1.10.4.tgz",
      "integrity": "sha1-jlRKm4aD9heD9XCYCoqA6vVKseI=",
      "dev": true
    }
  }
}
